
Microsoft Visual Studio Solution File, Format Version 12.00
Project("{FAE04EC0-301F-11D3-BF4B-00C04F79EFBC}") = "DotNetAuthDemo", "DotNetAuthDemo\DotNetAuthDemo.csproj", "{3F9B6AAA-FDCF-40C9-A99B-032FE4E7D83C}"
EndProject
Project("{FAE04EC0-301F-11D3-BF4B-00C04F79EFBC}") = "DotNetAuthDemo.Tests", "DotNetAuthDemo.Tests\DotNetAuthDemo.Tests.csproj", "{FC1C5E12-0586-4CDA-A882-FA1C020BCBAA}"
EndProject
Global
	GlobalSection(SolutionConfigurationPlatforms) = preSolution
		Debug|Any CPU = Debug|Any CPU
		Release|Any CPU = Release|Any CPU
	EndGlobalSection
	GlobalSection(ProjectConfigurationPlatforms) = postSolution
		{3F9B6AAA-FDCF-40C9-A99B-032FE4E7D83C}.Debug|Any CPU.ActiveCfg = Debug|Any CPU
		{3F9B6AAA-FDCF-40C9-A99B-032FE4E7D83C}.Debug|Any CPU.Build.0 = Debug|Any CPU
		{3F9B6AAA-FDCF-40C9-A99B-032FE4E7D83C}.Release|Any CPU.ActiveCfg = Release|Any CPU
		{3F9B6AAA-FDCF-40C9-A99B-032FE4E7D83C}.Release|Any CPU.Build.0 = Release|Any CPU
		{FC1C5E12-0586-4CDA-A882-FA1C020BCBAA}.Debug|Any CPU.ActiveCfg = Debug|Any CPU
		{FC1C5E12-0586-4CDA-A882-FA1C020BCBAA}.Debug|Any CPU.Build.0 = Debug|Any CPU
		{FC1C5E12-0586-4CDA-A882-FA1C020BCBAA}.Release|Any CPU.ActiveCfg = Release|Any CPU
		{FC1C5E12-0586-4CDA-A882-FA1C020BCBAA}.Release|Any CPU.Build.0 = Release|Any CPU
	EndGlobalSection
EndGlobal
